
Microsoft Visual Studio Solution File, Format Version 12.00
# Visual Studio Version 16
VisualStudioVersion = 16.0.29306.81
MinimumVisualStudioVersion = 10.0.40219.1
Project("{FAE04EC0-301F-11D3-BF4B-00C04F79EFBC}") = "ExamplOfClasses", "ExamplOfClasses\ExamplOfClasses.csproj", "{AB1A500B-AA9E-40F2-BFBD-57E391FAE1EB}"
EndProject
Global
	GlobalSection(SolutionConfigurationPlatforms) = preSolution
		Debug|Any CPU = Debug|Any CPU
		Release|Any CPU = Release|Any CPU
	EndGlobalSection
	GlobalSection(ProjectConfigurationPlatforms) = postSolution
		{AB1A500B-AA9E-40F2-BFBD-57E391FAE1EB}.Debug|Any CPU.ActiveCfg = Debug|Any CPU
		{AB1A500B-AA9E-40F2-BFBD-57E391FAE1EB}.Debug|Any CPU.Build.0 = Debug|Any CPU
		{AB1A500B-AA9E-40F2-BFBD-57E391FAE1EB}.Release|Any CPU.ActiveCfg = Release|Any CPU
		{AB1A500B-AA9E-40F2-BFBD-57E391FAE1EB}.Release|Any CPU.Build.0 = Release|Any CPU
	EndGlobalSection
	GlobalSection(SolutionProperties) = preSolution
		HideSolutionNode = FALSE
	EndGlobalSection
	GlobalSection(ExtensibilityGlobals) = postSolution
		SolutionGuid = {354AEF18-2085-44C5-926E-05DF4473E7A9}
	EndGlobalSection
EndGlobal
